
Microsoft Visual Studio Solution File, Format Version 12.00
# Visual Studio Version 17
VisualStudioVersion = 17.2.32630.192
MinimumVisualStudioVersion = 10.0.40219.1
Project("{FAE04EC0-301F-11D3-BF4B-00C04F79EFBC}") = "clientesApp", "clientesApp\clientesApp.csproj", "{63DDE36F-1C54-4BC8-A679-1C5A3DE7EED4}"
EndProject
Global
	GlobalSection(SolutionConfigurationPlatforms) = preSolution
		Debug|Any CPU = Debug|Any CPU
		Release|Any CPU = Release|Any CPU
	EndGlobalSection
	GlobalSection(ProjectConfigurationPlatforms) = postSolution
		{63DDE36F-1C54-4BC8-A679-1C5A3DE7EED4}.Debug|Any CPU.ActiveCfg = Debug|Any CPU
		{63DDE36F-1C54-4BC8-A679-1C5A3DE7EED4}.Debug|Any CPU.Build.0 = Debug|Any CPU
		{63DDE36F-1C54-4BC8-A679-1C5A3DE7EED4}.Release|Any CPU.ActiveCfg = Release|Any CPU
		{63DDE36F-1C54-4BC8-A679-1C5A3DE7EED4}.Release|Any CPU.Build.0 = Release|Any CPU
	EndGlobalSection
	GlobalSection(SolutionProperties) = preSolution
		HideSolutionNode = FALSE
	EndGlobalSection
	GlobalSection(ExtensibilityGlobals) = postSolution
		SolutionGuid = {F0B16FAD-FB13-487C-848A-82FDC8CA0B49}
	EndGlobalSection
EndGlobal
